
Microsoft Visual Studio Solution File, Format Version 12.00
# Visual Studio Version 16
VisualStudioVersion = 16.0.30309.148
MinimumVisualStudioVersion = 10.0.40219.1
Project("{FAE04EC0-301F-11D3-BF4B-00C04F79EFBC}") = "OutlookVSTOAddIn", "OutlookVSTOAddIn\OutlookVSTOAddIn.csproj", "{C418764C-B0E4-4672-9B39-53E059563A62}"
EndProject
Global
	GlobalSection(SolutionConfigurationPlatforms) = preSolution
		Debug|Any CPU = Debug|Any CPU
		Release|Any CPU = Release|Any CPU
	EndGlobalSection
	GlobalSection(ProjectConfigurationPlatforms) = postSolution
		{C418764C-B0E4-4672-9B39-53E059563A62}.Debug|Any CPU.ActiveCfg = Debug|Any CPU
		{C418764C-B0E4-4672-9B39-53E059563A62}.Debug|Any CPU.Build.0 = Debug|Any CPU
		{C418764C-B0E4-4672-9B39-53E059563A62}.Release|Any CPU.ActiveCfg = Release|Any CPU
		{C418764C-B0E4-4672-9B39-53E059563A62}.Release|Any CPU.Build.0 = Release|Any CPU
	EndGlobalSection
	GlobalSection(SolutionProperties) = preSolution
		HideSolutionNode = FALSE
	EndGlobalSection
	GlobalSection(ExtensibilityGlobals) = postSolution
		SolutionGuid = {A26313E9-F669-4916-AC3D-8D8047B41793}
	EndGlobalSection
EndGlobal
